
Microsoft Visual Studio Solution File, Format Version 12.00
# Visual Studio Version 17
VisualStudioVersion = 17.9.34728.123
MinimumVisualStudioVersion = 10.0.40219.1
Project("{2150E333-8FDC-42A3-9474-1A3956D46DE8}") = "Task1", "Task1", "{F7BF368B-551B-4975-BE57-C9201DBD6F56}"
EndProject
Project("{FAE04EC0-301F-11D3-BF4B-00C04F79EFBC}") = "Task1.1", "Task1.1\Task1.1.csproj", "{D7A1FE4B-21D9-4511-9DB4-7B1E83D007C1}"
EndProject
Project("{FAE04EC0-301F-11D3-BF4B-00C04F79EFBC}") = "Task1.2", "Task1.2\Task1.2.csproj", "{D420F9EB-D570-40AC-A541-2238273B9390}"
EndProject
Project("{FAE04EC0-301F-11D3-BF4B-00C04F79EFBC}") = "Task1.3", "Task1.3\Task1.3.csproj", "{9987E752-0B25-46E3-B5EE-E249EF2F88AD}"
EndProject
Project("{FAE04EC0-301F-11D3-BF4B-00C04F79EFBC}") = "Task1.4", "Task1.4\Task1.4.csproj", "{5B039F9D-733D-47DD-A5AF-0FF25896BF0E}"
EndProject
Project("{2150E333-8FDC-42A3-9474-1A3956D46DE8}") = "Task2", "Task2", "{D00EDA3B-02C1-42DC-9CA6-3D5854A49E99}"
EndProject
Project("{FAE04EC0-301F-11D3-BF4B-00C04F79EFBC}") = "Task2.1", "Task2.1\Task2.1.csproj", "{94E2E22F-A885-4E12-8106-38C8E07496F2}"
EndProject
Project("{FAE04EC0-301F-11D3-BF4B-00C04F79EFBC}") = "Task2.2", "Task2.2\Task2.2.csproj", "{2BDD7754-3B4C-4F95-920B-4B65731573C1}"
EndProject
Project("{FAE04EC0-301F-11D3-BF4B-00C04F79EFBC}") = "Task2.3", "Task2.3\Task2.3.csproj", "{047DA3A3-FE0F-423D-9703-AD4167E4D72E}"
EndProject
Project("{FAE04EC0-301F-11D3-BF4B-00C04F79EFBC}") = "Task2.4", "Task2.4\Task2.4.csproj", "{387BA4E4-B70C-4DC5-B86C-F5A9001217C6}"
EndProject
Global
	GlobalSection(SolutionConfigurationPlatforms) = preSolution
		Debug|Any CPU = Debug|Any CPU
		Release|Any CPU = Release|Any CPU
	EndGlobalSection
	GlobalSection(ProjectConfigurationPlatforms) = postSolution
		{D7A1FE4B-21D9-4511-9DB4-7B1E83D007C1}.Debug|Any CPU.ActiveCfg = Debug|Any CPU
		{D7A1FE4B-21D9-4511-9DB4-7B1E83D007C1}.Debug|Any CPU.Build.0 = Debug|Any CPU
		{D7A1FE4B-21D9-4511-9DB4-7B1E83D007C1}.Release|Any CPU.ActiveCfg = Release|Any CPU
		{D7A1FE4B-21D9-4511-9DB4-7B1E83D007C1}.Release|Any CPU.Build.0 = Release|Any CPU
		{D420F9EB-D570-40AC-A541-2238273B9390}.Debug|Any CPU.ActiveCfg = Debug|Any CPU
		{D420F9EB-D570-40AC-A541-2238273B9390}.Debug|Any CPU.Build.0 = Debug|Any CPU
		{D420F9EB-D570-40AC-A541-2238273B9390}.Release|Any CPU.ActiveCfg = Release|Any CPU
		{D420F9EB-D570-40AC-A541-2238273B9390}.Release|Any CPU.Build.0 = Release|Any CPU
		{9987E752-0B25-46E3-B5EE-E249EF2F88AD}.Debug|Any CPU.ActiveCfg = Debug|Any CPU
		{9987E752-0B25-46E3-B5EE-E249EF2F88AD}.Debug|Any CPU.Build.0 = Debug|Any CPU
		{9987E752-0B25-46E3-B5EE-E249EF2F88AD}.Release|Any CPU.ActiveCfg = Release|Any CPU
		{9987E752-0B25-46E3-B5EE-E249EF2F88AD}.Release|Any CPU.Build.0 = Release|Any CPU
		{5B039F9D-733D-47DD-A5AF-0FF25896BF0E}.Debug|Any CPU.ActiveCfg = Debug|Any CPU
		{5B039F9D-733D-47DD-A5AF-0FF25896BF0E}.Debug|Any CPU.Build.0 = Debug|Any CPU
		{5B039F9D-733D-47DD-A5AF-0FF25896BF0E}.Release|Any CPU.ActiveCfg = Release|Any CPU
		{5B039F9D-733D-47DD-A5AF-0FF25896BF0E}.Release|Any CPU.Build.0 = Release|Any CPU
		{94E2E22F-A885-4E12-8106-38C8E07496F2}.Debug|Any CPU.ActiveCfg = Debug|Any CPU
		{94E2E22F-A885-4E12-8106-38C8E07496F2}.Debug|Any CPU.Build.0 = Debug|Any CPU
		{94E2E22F-A885-4E12-8106-38C8E07496F2}.Release|Any CPU.ActiveCfg = Release|Any CPU
		{94E2E22F-A885-4E12-8106-38C8E07496F2}.Release|Any CPU.Build.0 = Release|Any CPU
		{2BDD7754-3B4C-4F95-920B-4B65731573C1}.Debug|Any CPU.ActiveCfg = Debug|Any CPU
		{2BDD7754-3B4C-4F95-920B-4B65731573C1}.Debug|Any CPU.Build.0 = Debug|Any CPU
		{2BDD7754-3B4C-4F95-920B-4B65731573C1}.Release|Any CPU.ActiveCfg = Release|Any CPU
		{2BDD7754-3B4C-4F95-920B-4B65731573C1}.Release|Any CPU.Build.0 = Release|Any CPU
		{047DA3A3-FE0F-423D-9703-AD4167E4D72E}.Debug|Any CPU.ActiveCfg = Debug|Any CPU
		{047DA3A3-FE0F-423D-9703-AD4167E4D72E}.Debug|Any CPU.Build.0 = Debug|Any CPU
		{047DA3A3-FE0F-423D-9703-AD4167E4D72E}.Release|Any CPU.ActiveCfg = Release|Any CPU
		{047DA3A3-FE0F-423D-9703-AD4167E4D72E}.Release|Any CPU.Build.0 = Release|Any CPU
		{387BA4E4-B70C-4DC5-B86C-F5A9001217C6}.Debug|Any CPU.ActiveCfg = Debug|Any CPU
		{387BA4E4-B70C-4DC5-B86C-F5A9001217C6}.Debug|Any CPU.Build.0 = Debug|Any CPU
		{387BA4E4-B70C-4DC5-B86C-F5A9001217C6}.Release|Any CPU.ActiveCfg = Release|Any CPU
		{387BA4E4-B70C-4DC5-B86C-F5A9001217C6}.Release|Any CPU.Build.0 = Release|Any CPU
	EndGlobalSection
	GlobalSection(SolutionProperties) = preSolution
		HideSolutionNode = FALSE
	EndGlobalSection
	GlobalSection(NestedProjects) = preSolution
		{D7A1FE4B-21D9-4511-9DB4-7B1E83D007C1} = {F7BF368B-551B-4975-BE57-C9201DBD6F56}
		{D420F9EB-D570-40AC-A541-2238273B9390} = {F7BF368B-551B-4975-BE57-C9201DBD6F56}
		{9987E752-0B25-46E3-B5EE-E249EF2F88AD} = {F7BF368B-551B-4975-BE57-C9201DBD6F56}
		{5B039F9D-733D-47DD-A5AF-0FF25896BF0E} = {F7BF368B-551B-4975-BE57-C9201DBD6F56}
		{94E2E22F-A885-4E12-8106-38C8E07496F2} = {D00EDA3B-02C1-42DC-9CA6-3D5854A49E99}
		{2BDD7754-3B4C-4F95-920B-4B65731573C1} = {D00EDA3B-02C1-42DC-9CA6-3D5854A49E99}
		{047DA3A3-FE0F-423D-9703-AD4167E4D72E} = {D00EDA3B-02C1-42DC-9CA6-3D5854A49E99}
		{387BA4E4-B70C-4DC5-B86C-F5A9001217C6} = {D00EDA3B-02C1-42DC-9CA6-3D5854A49E99}
	EndGlobalSection
	GlobalSection(ExtensibilityGlobals) = postSolution
		SolutionGuid = {620E79C6-67D3-4ECB-90DE-1480A7829BDD}
	EndGlobalSection
EndGlobal
